
Microsoft Visual Studio Solution File, Format Version 12.00
# Visual Studio Version 17
VisualStudioVersion = 17.7.34018.315
MinimumVisualStudioVersion = 10.0.40219.1
Project("{8BC9CEB8-8B4A-11D0-8D11-00A0C91BC942}") = "p2bhop", "p2bhop\p2bhop.vcxproj", "{23F27D58-4062-4A82-965A-07128A23339E}"
EndProject
Global
	GlobalSection(SolutionConfigurationPlatforms) = preSolution
		Debug|x64 = Debug|x64
		Debug|x86 = Debug|x86
		Release|x64 = Release|x64
		Release|x86 = Release|x86
	EndGlobalSection
	GlobalSection(ProjectConfigurationPlatforms) = postSolution
		{23F27D58-4062-4A82-965A-07128A23339E}.Debug|x64.ActiveCfg = Debug|x64
		{23F27D58-4062-4A82-965A-07128A23339E}.Debug|x64.Build.0 = Debug|x64
		{23F27D58-4062-4A82-965A-07128A23339E}.Debug|x86.ActiveCfg = Debug|Win32
		{23F27D58-4062-4A82-965A-07128A23339E}.Debug|x86.Build.0 = Debug|Win32
		{23F27D58-4062-4A82-965A-07128A23339E}.Release|x64.ActiveCfg = Release|x64
		{23F27D58-4062-4A82-965A-07128A23339E}.Release|x64.Build.0 = Release|x64
		{23F27D58-4062-4A82-965A-07128A23339E}.Release|x86.ActiveCfg = Release|Win32
		{23F27D58-4062-4A82-965A-07128A23339E}.Release|x86.Build.0 = Release|Win32
	EndGlobalSection
	GlobalSection(SolutionProperties) = preSolution
		HideSolutionNode = FALSE
	EndGlobalSection
	GlobalSection(ExtensibilityGlobals) = postSolution
		SolutionGuid = {FDAB9669-9D47-4237-8F1E-617427AF617C}
	EndGlobalSection
EndGlobal
